
Microsoft Visual Studio Solution File, Format Version 12.00
# Visual Studio Version 16
VisualStudioVersion = 16.0.28803.352
MinimumVisualStudioVersion = 10.0.40219.1
Project("{8BC9CEB8-8B4A-11D0-8D11-00A0C91BC942}") = "genCRN", "genCRN\genCRN.vcxproj", "{18D10396-446E-47AF-BBFB-B65255E86138}"
EndProject
Project("{8BC9CEB8-8B4A-11D0-8D11-00A0C91BC942}") = "genInputGraphs", "genInputGraphs\genInputGraphs.vcxproj", "{C00C015B-2C00-49EC-8936-4C22B9581053}"
EndProject
Project("{8BC9CEB8-8B4A-11D0-8D11-00A0C91BC942}") = "geng", "geng\geng.vcxproj", "{55751959-F100-47DD-968A-1CCFA5FD7DB6}"
EndProject
Project("{8BC9CEB8-8B4A-11D0-8D11-00A0C91BC942}") = "directg", "directg\directg.vcxproj", "{2A4B1357-C14B-46BB-B221-C040B586BFFC}"
EndProject
Project("{F2A71F9B-5D33-465A-A702-920D77279786}") = "TestGenCRN", "TestGenCRN\TestGenCRN.fsproj", "{01A8747B-51B0-4205-8C7D-C4C5B996998B}"
EndProject
Project("{8BC9CEB8-8B4A-11D0-8D11-00A0C91BC942}") = "splitCRN", "splitCRN\splitCRN.vcxproj", "{3F60EB1D-E651-4D88-85C6-3E7AB8A2A4E1}"
EndProject
Global
	GlobalSection(SolutionConfigurationPlatforms) = preSolution
		Debug|Any CPU = Debug|Any CPU
		Debug|x64 = Debug|x64
		Debug|x86 = Debug|x86
		Release|Any CPU = Release|Any CPU
		Release|x64 = Release|x64
		Release|x86 = Release|x86
	EndGlobalSection
	GlobalSection(ProjectConfigurationPlatforms) = postSolution
		{18D10396-446E-47AF-BBFB-B65255E86138}.Debug|Any CPU.ActiveCfg = Debug|Win32
		{18D10396-446E-47AF-BBFB-B65255E86138}.Debug|x64.ActiveCfg = Debug|x64
		{18D10396-446E-47AF-BBFB-B65255E86138}.Debug|x64.Build.0 = Debug|x64
		{18D10396-446E-47AF-BBFB-B65255E86138}.Debug|x86.ActiveCfg = Debug|Win32
		{18D10396-446E-47AF-BBFB-B65255E86138}.Debug|x86.Build.0 = Debug|Win32
		{18D10396-446E-47AF-BBFB-B65255E86138}.Release|Any CPU.ActiveCfg = Release|Win32
		{18D10396-446E-47AF-BBFB-B65255E86138}.Release|x64.ActiveCfg = Release|x64
		{18D10396-446E-47AF-BBFB-B65255E86138}.Release|x64.Build.0 = Release|x64
		{18D10396-446E-47AF-BBFB-B65255E86138}.Release|x86.ActiveCfg = Release|Win32
		{18D10396-446E-47AF-BBFB-B65255E86138}.Release|x86.Build.0 = Release|Win32
		{C00C015B-2C00-49EC-8936-4C22B9581053}.Debug|Any CPU.ActiveCfg = Debug|Win32
		{C00C015B-2C00-49EC-8936-4C22B9581053}.Debug|x64.ActiveCfg = Debug|x64
		{C00C015B-2C00-49EC-8936-4C22B9581053}.Debug|x64.Build.0 = Debug|x64
		{C00C015B-2C00-49EC-8936-4C22B9581053}.Debug|x86.ActiveCfg = Debug|Win32
		{C00C015B-2C00-49EC-8936-4C22B9581053}.Debug|x86.Build.0 = Debug|Win32
		{C00C015B-2C00-49EC-8936-4C22B9581053}.Release|Any CPU.ActiveCfg = Release|Win32
		{C00C015B-2C00-49EC-8936-4C22B9581053}.Release|x64.ActiveCfg = Release|x64
		{C00C015B-2C00-49EC-8936-4C22B9581053}.Release|x64.Build.0 = Release|x64
		{C00C015B-2C00-49EC-8936-4C22B9581053}.Release|x86.ActiveCfg = Release|Win32
		{C00C015B-2C00-49EC-8936-4C22B9581053}.Release|x86.Build.0 = Release|Win32
		{55751959-F100-47DD-968A-1CCFA5FD7DB6}.Debug|Any CPU.ActiveCfg = Debug|Win32
		{55751959-F100-47DD-968A-1CCFA5FD7DB6}.Debug|x64.ActiveCfg = Debug|x64
		{55751959-F100-47DD-968A-1CCFA5FD7DB6}.Debug|x64.Build.0 = Debug|x64
		{55751959-F100-47DD-968A-1CCFA5FD7DB6}.Debug|x86.ActiveCfg = Debug|Win32
		{55751959-F100-47DD-968A-1CCFA5FD7DB6}.Debug|x86.Build.0 = Debug|Win32
		{55751959-F100-47DD-968A-1CCFA5FD7DB6}.Release|Any CPU.ActiveCfg = Release|Win32
		{55751959-F100-47DD-968A-1CCFA5FD7DB6}.Release|x64.ActiveCfg = Release|x64
		{55751959-F100-47DD-968A-1CCFA5FD7DB6}.Release|x64.Build.0 = Release|x64
		{55751959-F100-47DD-968A-1CCFA5FD7DB6}.Release|x86.ActiveCfg = Release|Win32
		{55751959-F100-47DD-968A-1CCFA5FD7DB6}.Release|x86.Build.0 = Release|Win32
		{2A4B1357-C14B-46BB-B221-C040B586BFFC}.Debug|Any CPU.ActiveCfg = Debug|Win32
		{2A4B1357-C14B-46BB-B221-C040B586BFFC}.Debug|x64.ActiveCfg = Debug|x64
		{2A4B1357-C14B-46BB-B221-C040B586BFFC}.Debug|x64.Build.0 = Debug|x64
		{2A4B1357-C14B-46BB-B221-C040B586BFFC}.Debug|x86.ActiveCfg = Debug|Win32
		{2A4B1357-C14B-46BB-B221-C040B586BFFC}.Debug|x86.Build.0 = Debug|Win32
		{2A4B1357-C14B-46BB-B221-C040B586BFFC}.Release|Any CPU.ActiveCfg = Release|Win32
		{2A4B1357-C14B-46BB-B221-C040B586BFFC}.Release|x64.ActiveCfg = Release|x64
		{2A4B1357-C14B-46BB-B221-C040B586BFFC}.Release|x64.Build.0 = Release|x64
		{2A4B1357-C14B-46BB-B221-C040B586BFFC}.Release|x86.ActiveCfg = Release|Win32
		{2A4B1357-C14B-46BB-B221-C040B586BFFC}.Release|x86.Build.0 = Release|Win32
		{01A8747B-51B0-4205-8C7D-C4C5B996998B}.Debug|Any CPU.ActiveCfg = Debug|Any CPU
		{01A8747B-51B0-4205-8C7D-C4C5B996998B}.Debug|Any CPU.Build.0 = Debug|Any CPU
		{01A8747B-51B0-4205-8C7D-C4C5B996998B}.Debug|x64.ActiveCfg = Debug|Any CPU
		{01A8747B-51B0-4205-8C7D-C4C5B996998B}.Debug|x64.Build.0 = Debug|Any CPU
		{01A8747B-51B0-4205-8C7D-C4C5B996998B}.Debug|x86.ActiveCfg = Debug|Any CPU
		{01A8747B-51B0-4205-8C7D-C4C5B996998B}.Debug|x86.Build.0 = Debug|Any CPU
		{01A8747B-51B0-4205-8C7D-C4C5B996998B}.Release|Any CPU.ActiveCfg = Release|Any CPU
		{01A8747B-51B0-4205-8C7D-C4C5B996998B}.Release|Any CPU.Build.0 = Release|Any CPU
		{01A8747B-51B0-4205-8C7D-C4C5B996998B}.Release|x64.ActiveCfg = Release|Any CPU
		{01A8747B-51B0-4205-8C7D-C4C5B996998B}.Release|x64.Build.0 = Release|Any CPU
		{01A8747B-51B0-4205-8C7D-C4C5B996998B}.Release|x86.ActiveCfg = Release|Any CPU
		{01A8747B-51B0-4205-8C7D-C4C5B996998B}.Release|x86.Build.0 = Release|Any CPU
		{3F60EB1D-E651-4D88-85C6-3E7AB8A2A4E1}.Debug|Any CPU.ActiveCfg = Debug|Win32
		{3F60EB1D-E651-4D88-85C6-3E7AB8A2A4E1}.Debug|x64.ActiveCfg = Debug|x64
		{3F60EB1D-E651-4D88-85C6-3E7AB8A2A4E1}.Debug|x64.Build.0 = Debug|x64
		{3F60EB1D-E651-4D88-85C6-3E7AB8A2A4E1}.Debug|x86.ActiveCfg = Debug|Win32
		{3F60EB1D-E651-4D88-85C6-3E7AB8A2A4E1}.Debug|x86.Build.0 = Debug|Win32
		{3F60EB1D-E651-4D88-85C6-3E7AB8A2A4E1}.Release|Any CPU.ActiveCfg = Release|Win32
		{3F60EB1D-E651-4D88-85C6-3E7AB8A2A4E1}.Release|x64.ActiveCfg = Release|x64
		{3F60EB1D-E651-4D88-85C6-3E7AB8A2A4E1}.Release|x64.Build.0 = Release|x64
		{3F60EB1D-E651-4D88-85C6-3E7AB8A2A4E1}.Release|x86.ActiveCfg = Release|Win32
		{3F60EB1D-E651-4D88-85C6-3E7AB8A2A4E1}.Release|x86.Build.0 = Release|Win32
	EndGlobalSection
	GlobalSection(SolutionProperties) = preSolution
		HideSolutionNode = FALSE
	EndGlobalSection
	GlobalSection(ExtensibilityGlobals) = postSolution
		SolutionGuid = {9F4026AD-063B-42DF-8C23-68ACE6DDBC0C}
	EndGlobalSection
EndGlobal
